// !$*UTF8*$!
{
	archiveVersion = 1;
	classes = {
	};
	objectVersion = 46;
	objects = {

/* Begin PBXBuildFile section */
		4457D0E31D8657EC001A4291 /* main.m in Sources */ = {isa = PBXBuildFile; fileRef = 4457D0E21D8657EC001A4291 /* main.m */; };
		4457D0E61D8657EC001A4291 /* AppDelegate.m in Sources */ = {isa = PBXBuildFile; fileRef = 4457D0E51D8657EC001A4291 /* AppDelegate.m */; };
		4457D0E91D8657EC001A4291 /* ViewController.m in Sources */ = {isa = PBXBuildFile; fileRef = 4457D0E81D8657EC001A4291 /* ViewController.m */; };
		4457D0EC1D8657EC001A4291 /* Main.storyboard in Resources */ = {isa = PBXBuildFile; fileRef = 4457D0EA1D8657EC001A4291 /* Main.storyboard */; };
		4457D0EF1D8657EC001A4291 /* Giffy.xcdatamodeld in Sources */ = {isa = PBXBuildFile; fileRef = 4457D0ED1D8657EC001A4291 /* Giffy.xcdatamodeld */; };
		4457D0F11D8657EC001A4291 /* Assets.xcassets in Resources */ = {isa = PBXBuildFile; fileRef = 4457D0F01D8657EC001A4291 /* Assets.xcassets */; };
		4457D0F41D8657EC001A4291 /* LaunchScreen.storyboard in Resources */ = {isa = PBXBuildFile; fileRef = 4457D0F21D8657EC001A4291 /* LaunchScreen.storyboard */; };
		4457D0FF1D8657EC001A4291 /* GiffyTests.m in Sources */ = {isa = PBXBuildFile; fileRef = 4457D0FE1D8657EC001A4291 /* GiffyTests.m */; };
/* End PBXBuildFile section */

/* Begin PBXContainerItemProxy section */
		4457D0FB1D8657EC001A4291 /* PBXContainerItemProxy */ = {
			isa = PBXContainerItemProxy;
			containerPortal = 4457D0D61D8657EC001A4291 /* Project object */;
			proxyType = 1;
			remoteGlobalIDString = 4457D0DD1D8657EC001A4291;
			remoteInfo = Giffy;
		};
/* End PBXContainerItemProxy section */

/* Begin PBXFileReference section */
		4457D0DE1D8657EC001A4291 /* Giffy.app */ = {isa = PBXFileReference; explicitFileType = wrapper.application; includeInIndex = 0; path = Giffy.app; sourceTree = BUILT_PRODUCTS_DIR; };
		4457D0E21D8657EC001A4291 /* main.m */ = {isa = PBXFileReference; lastKnownFileType = sourcecode.c.objc; path = main.m; sourceTree = "<group>"; };
		4457D0E41D8657EC001A4291 /* AppDelegate.h */ = {isa = PBXFileReference; lastKnownFileType = sourcecode.c.h; path = AppDelegate.h; sourceTree = "<group>"; };
		4457D0E51D8657EC001A4291 /* AppDelegate.m */ = {isa = PBXFileReference; lastKnownFileType = sourcecode.c.objc; path = AppDelegate.m; sourceTree = "<group>"; };
		4457D0E71D8657EC001A4291 /* ViewController.h */ = {isa = PBXFileReference; lastKnownFileType = sourcecode.c.h; path = ViewController.h; sourceTree = "<group>"; };
		4457D0E81D8657EC001A4291 /* ViewController.m */ = {isa = PBXFileReference; lastKnownFileType = sourcecode.c.objc; path = ViewController.m; sourceTree = "<group>"; };
		4457D0EB1D8657EC001A4291 /* Base */ = {isa = PBXFileReference; lastKnownFileType = file.storyboard; name = Base; path = Base.lproj/Main.storyboard; sourceTree = "<group>"; };
		4457D0EE1D8657EC001A4291 /* Giffy.xcdatamodel */ = {isa = PBXFileReference; lastKnownFileType = wrapper.xcdatamodel; path = Giffy.xcdatamodel; sourceTree = "<group>"; };
		4457D0F01D8657EC001A4291 /* Assets.xcassets */ = {isa = PBXFileReference; lastKnownFileType = folder.assetcatalog; path = Assets.xcassets; sourceTree = "<group>"; };
		4457D0F31D8657EC001A4291 /* Base */ = {isa = PBXFileReference; lastKnownFileType = file.storyboard; name = Base; path = Base.lproj/LaunchScreen.storyboard; sourceTree = "<group>"; };
		4457D0F51D8657EC001A4291 /* Info.plist */ = {isa = PBXFileReference; lastKnownFileType = text.plist.xml; path = Info.plist; sourceTree = "<group>"; };
		4457D0FA1D8657EC001A4291 /* GiffyTests.xctest */ = {isa = PBXFileReference; explicitFileType = wrapper.cfbundle; includeInIndex = 0; path = GiffyTests.xctest; sourceTree = BUILT_PRODUCTS_DIR; };
		4457D0FE1D8657EC001A4291 /* GiffyTests.m */ = {isa = PBXFileReference; lastKnownFileType = sourcecode.c.objc; path = GiffyTests.m; sourceTree = "<group>"; };
		4457D1001D8657EC001A4291 /* Info.plist */ = {isa = PBXFileReference; lastKnownFileType = text.plist.xml; path = Info.plist; sourceTree = "<group>"; };
/* End PBXFileReference section */

/* Begin PBXFrameworksBuildPhase section */
		4457D0DB1D8657EC001A4291 /* Frameworks */ = {
			isa = PBXFrameworksBuildPhase;
			buildActionMask = 2147483647;
			files = (
			);
			runOnlyForDeploymentPostprocessing = 0;
		};
		4457D0F71D8657EC001A4291 /* Frameworks */ = {
			isa = PBXFrameworksBuildPhase;
			buildActionMask = 2147483647;
			files = (
			);
			runOnlyForDeploymentPostprocessing = 0;
		};
/* End PBXFrameworksBuildPhase section */

/* Begin PBXGroup section */
		4457D0D51D8657EC001A4291 = {
			isa = PBXGroup;
			children = (
				4457D0E01D8657EC001A4291 /* Giffy */,
				4457D0FD1D8657EC001A4291 /* GiffyTests */,
				4457D0DF1D8657EC001A4291 /* Products */,
			);
			sourceTree = "<group>";
		};
		4457D0DF1D8657EC001A4291 /* Products */ = {
			isa = PBXGroup;
			children = (
				4457D0DE1D8657EC001A4291 /* Giffy.app */,
				4457D0FA1D8657EC001A4291 /* GiffyTests.xctest */,
			);
			name = Products;
			sourceTree = "<group>";
		};
		4457D0E01D8657EC001A4291 /* Giffy */ = {
			isa = PBXGroup;
			children = (
				4457D0E41D8657EC001A4291 /* AppDelegate.h */,
				4457D0E51D8657EC001A4291 /* AppDelegate.m */,
				4457D0E71D8657EC001A4291 /* ViewController.h */,
				4457D0E81D8657EC001A4291 /* ViewController.m */,
				4457D0EA1D8657EC001A4291 /* Main.storyboard */,
				4457D0F01D8657EC001A4291 /* Assets.xcassets */,
				4457D0F21D8657EC001A4291 /* LaunchScreen.storyboard */,
				4457D0F51D8657EC001A4291 /* Info.plist */,
				4457D0ED1D8657EC001A4291 /* Giffy.xcdatamodeld */,
				4457D0E11D8657EC001A4291 /* Supporting Files */,
			);
			path = Giffy;
			sourceTree = "<group>";
		};
		4457D0E11D8657EC001A4291 /* Supporting Files */ = {
			isa = PBXGroup;
			children = (
				4457D0E21D8657EC001A4291 /* main.m */,
			);
			name = "Supporting Files";
			sourceTree = "<group>";
		};
		4457D0FD1D8657EC001A4291 /* GiffyTests */ = {
			isa = PBXGroup;
			children = (
				4457D0FE1D8657EC001A4291 /* GiffyTests.m */,
				4457D1001D8657EC001A4291 /* Info.plist */,
			);
			path = GiffyTests;
			sourceTree = "<group>";
		};
/* End PBXGroup section */

/* Begin PBXNativeTarget section */
		4457D0DD1D8657EC001A4291 /* Giffy */ = {
			isa = PBXNativeTarget;
			buildConfigurationList = 4457D1031D8657EC001A4291 /* Build configuration list for PBXNativeTarget "Giffy" */;
			buildPhases = (
				4457D0DA1D8657EC001A4291 /* Sources */,
				4457D0DB1D8657EC001A4291 /* Frameworks */,
				4457D0DC1D8657EC001A4291 /* Resources */,
			);
			buildRules = (
			);
			dependencies = (
			);
			name = Giffy;
			productName = Giffy;
			productReference = 4457D0DE1D8657EC001A4291 /* Giffy.app */;
			productType = "com.apple.product-type.application";
		};
		4457D0F91D8657EC001A4291 /* GiffyTests */ = {
			isa = PBXNativeTarget;
			buildConfigurationList = 4457D1061D8657EC001A4291 /* Build configuration list for PBXNativeTarget "GiffyTests" */;
			buildPhases = (
				4457D0F61D8657EC001A4291 /* Sources */,
				4457D0F71D8657EC001A4291 /* Frameworks */,
				4457D0F81D8657EC001A4291 /* Resources */,
			);
			buildRules = (
			);
			dependencies = (
				4457D0FC1D8657EC001A4291 /* PBXTargetDependency */,
			);
			name = GiffyTests;
			productName = GiffyTests;
			productReference = 4457D0FA1D8657EC001A4291 /* GiffyTests.xctest */;
			productType = "com.apple.product-type.bundle.unit-test";
		};
/* End PBXNativeTarget section */

/* Begin PBXProject section */
		4457D0D61D8657EC001A4291 /* Project object */ = {
			isa = PBXProject;
			attributes = {
				LastUpgradeCheck = 0800;
				ORGANIZATIONNAME = Eugene;
				TargetAttributes = {
					4457D0DD1D8657EC001A4291 = {
						CreatedOnToolsVersion = 8.0;
						DevelopmentTeam = W5NZFP3G3C;
						ProvisioningStyle = Automatic;
					};
					4457D0F91D8657EC001A4291 = {
						CreatedOnToolsVersion = 8.0;
						DevelopmentTeam = W5NZFP3G3C;
						ProvisioningStyle = Automatic;
						TestTargetID = 4457D0DD1D8657EC001A4291;
					};
				};
			};
			buildConfigurationList = 4457D0D91D8657EC001A4291 /* Build configuration list for PBXProject "Giffy" */;
			compatibilityVersion = "Xcode 3.2";
			developmentRegion = English;
			hasScannedForEncodings = 0;
			knownRegions = (
				en,
				Base,
			);
			mainGroup = 4457D0D51D8657EC001A4291;
			productRefGroup = 4457D0DF1D8657EC001A4291 /* Products */;
			projectDirPath = "";
			projectRoot = "";
			targets = (
				4457D0DD1D8657EC001A4291 /* Giffy */,
				4457D0F91D8657EC001A4291 /* GiffyTests */,
			);
		};
/* End PBXProject section */

/* Begin PBXResourcesBuildPhase section */
		4457D0DC1D8657EC001A4291 /* Resources */ = {
			isa = PBXResourcesBuildPhase;
			buildActionMask = 2147483647;
			files = (
				4457D0F41D8657EC001A4291 /* LaunchScreen.storyboard in Resources */,
				4457D0F11D8657EC001A4291 /* Assets.xcassets in Resources */,
				4457D0EC1D8657EC001A4291 /* Main.storyboard in Resources */,
			);
			runOnlyForDeploymentPostprocessing = 0;
		};
		4457D0F81D8657EC001A4291 /* Resources */ = {
			isa = PBXResourcesBuildPhase;
			buildActionMask = 2147483647;
			files = (
			);
			runOnlyForDeploymentPostprocessing = 0;
		};
/* End PBXResourcesBuildPhase section */

/* Begin PBXSourcesBuildPhase section */
		4457D0DA1D8657EC001A4291 /* Sources */ = {
			isa = PBXSourcesBuildPhase;
			buildActionMask = 2147483647;
			files = (
				4457D0E91D8657EC001A4291 /* ViewController.m in Sources */,
				4457D0E61D8657EC001A4291 /* AppDelegate.m in Sources */,
				4457D0E31D8657EC001A4291 /* main.m in Sources */,
				4457D0EF1D8657EC001A4291 /* Giffy.xcdatamodeld in Sources */,
			);
			runOnlyForDeploymentPostprocessing = 0;
		};
		4457D0F61D8657EC001A4291 /* Sources */ = {
			isa = PBXSourcesBuildPhase;
			buildActionMask = 2147483647;
			files = (
				4457D0FF1D8657EC001A4291 /* GiffyTests.m in Sources */,
			);
			runOnlyForDeploymentPostprocessing = 0;
		};
/* End PBXSourcesBuildPhase section */

/* Begin PBXTargetDependency section */
		4457D0FC1D8657EC001A4291 /* PBXTargetDependency */ = {
			isa = PBXTargetDependency;
			target = 4457D0DD1D8657EC001A4291 /* Giffy */;
			targetProxy = 4457D0FB1D8657EC001A4291 /* PBXContainerItemProxy */;
		};
/* End PBXTargetDependency section */

/* Begin PBXVariantGroup section */
		4457D0EA1D8657EC001A4291 /* Main.storyboard */ = {
			isa = PBXVariantGroup;
			children = (
				4457D0EB1D8657EC001A4291 /* Base */,
			);
			name = Main.storyboard;
			sourceTree = "<group>";
		};
		4457D0F21D8657EC001A4291 /* LaunchScreen.storyboard */ = {
			isa = PBXVariantGroup;
			children = (
				4457D0F31D8657EC001A4291 /* Base */,
			);
			name = LaunchScreen.storyboard;
			sourceTree = "<group>";
		};
/* End PBXVariantGroup section */

/* Begin XCBuildConfiguration section */
		4457D1011D8657EC001A4291 /* Debug */ = {
			isa = XCBuildConfiguration;
			buildSettings = {
				ALWAYS_SEARCH_USER_PATHS = NO;
				CLANG_ANALYZER_NONNULL = YES;
				CLANG_CXX_LANGUAGE_STANDARD = "gnu++0x";
				CLANG_CXX_LIBRARY = "libc++";
				CLANG_ENABLE_MODULES = YES;
				CLANG_ENABLE_OBJC_ARC = YES;
				CLANG_WARN_BOOL_CONVERSION = YES;
				CLANG_WARN_CONSTANT_CONVERSION = YES;
				CLANG_WARN_DIRECT_OBJC_ISA_USAGE = YES_ERROR;
				CLANG_WARN_DOCUMENTATION_COMMENTS = YES;
				CLANG_WARN_EMPTY_BODY = YES;
				CLANG_WARN_ENUM_CONVERSION = YES;
				CLANG_WARN_INFINITE_RECURSION = YES;
				CLANG_WARN_INT_CONVERSION = YES;
				CLANG_WARN_OBJC_ROOT_CLASS = YES_ERROR;
				CLANG_WARN_SUSPICIOUS_MOVES = YES;
				CLANG_WARN_UNREACHABLE_CODE = YES;
				CLANG_WARN__DUPLICATE_METHOD_MATCH = YES;
				"CODE_SIGN_IDENTITY[sdk=iphoneos*]" = "iPhone Developer";
				COPY_PHASE_STRIP = NO;
				DEBUG_INFORMATION_FORMAT = dwarf;
				ENABLE_STRICT_OBJC_MSGSEND = YES;
				ENABLE_TESTABILITY = YES;
				GCC_C_LANGUAGE_STANDARD = gnu99;
				GCC_DYNAMIC_NO_PIC = NO;
				GCC_NO_COMMON_BLOCKS = YES;
				GCC_OPTIMIZATION_LEVEL = 0;
				GCC_PREPROCESSOR_DEFINITIONS = (
					"DEBUG=1",
					"$(inherited)",
				);
				GCC_WARN_64_TO_32_BIT_CONVERSION = YES;
				GCC_WARN_ABOUT_RETURN_TYPE = YES_ERROR;
				GCC_WARN_UNDECLARED_SELECTOR = YES;
				GCC_WARN_UNINITIALIZED_AUTOS = YES_AGGRESSIVE;
				GCC_WARN_UNUSED_FUNCTION = YES;
				GCC_WARN_UNUSED_VARIABLE = YES;
				IPHONEOS_DEPLOYMENT_TARGET = 10.0;
				MTL_ENABLE_DEBUG_INFO = YES;
				ONLY_ACTIVE_ARCH = YES;
				SDKROOT = iphoneos;
				TARGETED_DEVICE_FAMILY = "1,2";
			};
			name = Debug;
		};
		4457D1021D8657EC001A4291 /* Release */ = {
			isa = XCBuildConfiguration;
			buildSettings = {
				ALWAYS_SEARCH_USER_PATHS = NO;
				CLANG_ANALYZER_NONNULL = YES;
				CLANG_CXX_LANGUAGE_STANDARD = "gnu++0x";
				CLANG_CXX_LIBRARY = "libc++";
				CLANG_ENABLE_MODULES = YES;
				CLANG_ENABLE_OBJC_ARC = YES;
				CLANG_WARN_BOOL_CONVERSION = YES;
				CLANG_WARN_CONSTANT_CONVERSION = YES;
				CLANG_WARN_DIRECT_OBJC_ISA_USAGE = YES_ERROR;
				CLANG_WARN_DOCUMENTATION_COMMENTS = YES;
				CLANG_WARN_EMPTY_BODY = YES;
				CLANG_WARN_ENUM_CONVERSION = YES;
				CLANG_WARN_INFINITE_RECURSION = YES;
				CLANG_WARN_INT_CONVERSION = YES;
				CLANG_WARN_OBJC_ROOT_CLASS = YES_ERROR;
				CLANG_WARN_SUSPICIOUS_MOVES = YES;
				CLANG_WARN_UNREACHABLE_CODE = YES;
				CLANG_WARN__DUPLICATE_METHOD_MATCH = YES;
				"CODE_SIGN_IDENTITY[sdk=iphoneos*]" = "iPhone Developer";
				COPY_PHASE_STRIP = NO;
				DEBUG_INFORMATION_FORMAT = "dwarf-with-dsym";
				ENABLE_NS_ASSERTIONS = NO;
				ENABLE_STRICT_OBJC_MSGSEND = YES;
				GCC_C_LANGUAGE_STANDARD = gnu99;
				GCC_NO_COMMON_BLOCKS = YES;
				GCC_WARN_64_TO_32_BIT_CONVERSION = YES;
				GCC_WARN_ABOUT_RETURN_TYPE = YES_ERROR;
				GCC_WARN_UNDECLARED_SELECTOR = YES;
				GCC_WARN_UNINITIALIZED_AUTOS = YES_AGGRESSIVE;
				GCC_WARN_UNUSED_FUNCTION = YES;
				GCC_WARN_UNUSED_VARIABLE = YES;
				IPHONEOS_DEPLOYMENT_TARGET = 10.0;
				MTL_ENABLE_DEBUG_INFO = NO;
				SDKROOT = iphoneos;
				TARGETED_DEVICE_FAMILY = "1,2";
				VALIDATE_PRODUCT = YES;
			};
			name = Release;
		};
		4457D1041D8657EC001A4291 /* Debug */ = {
			isa = XCBuildConfiguration;
			buildSettings = {
				ASSETCATALOG_COMPILER_APPICON_NAME = AppIcon;
				DEVELOPMENT_TEAM = W5NZFP3G3C;
				INFOPLIST_FILE = Giffy/Info.plist;
				LD_RUNPATH_SEARCH_PATHS = "$(inherited) @executable_path/Frameworks";
				PRODUCT_BUNDLE_IDENTIFIER = MangoWorks.Giffy;
				PRODUCT_NAME = "$(TARGET_NAME)";
			};
			name = Debug;
		};
		4457D1051D8657EC001A4291 /* Release */ = {
			isa = XCBuildConfiguration;
			buildSettings = {
				ASSETCATALOG_COMPILER_APPICON_NAME = AppIcon;
				DEVELOPMENT_TEAM = W5NZFP3G3C;
				INFOPLIST_FILE = Giffy/Info.plist;
				LD_RUNPATH_SEARCH_PATHS = "$(inherited) @executable_path/Frameworks";
				PRODUCT_BUNDLE_IDENTIFIER = MangoWorks.Giffy;
				PRODUCT_NAME = "$(TARGET_NAME)";
			};
			name = Release;
		};
		4457D1071D8657EC001A4291 /* Debug */ = {
			isa = XCBuildConfiguration;
			buildSettings = {
				BUNDLE_LOADER = "$(TEST_HOST)";
				DEVELOPMENT_TEAM = W5NZFP3G3C;
				INFOPLIST_FILE = GiffyTests/Info.plist;
				LD_RUNPATH_SEARCH_PATHS = "$(inherited) @executable_path/Frameworks @loader_path/Frameworks";
				PRODUCT_BUNDLE_IDENTIFIER = MangoWorks.GiffyTests;
				PRODUCT_NAME = "$(TARGET_NAME)";
				TEST_HOST = "$(BUILT_PRODUCTS_DIR)/Giffy.app/Giffy";
			};
			name = Debug;
		};
		4457D1081D8657EC001A4291 /* Release */ = {
			isa = XCBuildConfiguration;
			buildSettings = {
				BUNDLE_LOADER = "$(TEST_HOST)";
				DEVELOPMENT_TEAM = W5NZFP3G3C;
				INFOPLIST_FILE = GiffyTests/Info.plist;
				LD_RUNPATH_SEARCH_PATHS = "$(inherited) @executable_path/Frameworks @loader_path/Frameworks";
				PRODUCT_BUNDLE_IDENTIFIER = MangoWorks.GiffyTests;
				PRODUCT_NAME = "$(TARGET_NAME)";
				TEST_HOST = "$(BUILT_PRODUCTS_DIR)/Giffy.app/Giffy";
			};
			name = Release;
		};
/* End XCBuildConfiguration section */

/* Begin XCConfigurationList section */
		4457D0D91D8657EC001A4291 /* Build configuration list for PBXProject "Giffy" */ = {
			isa = XCConfigurationList;
			buildConfigurations = (
				4457D1011D8657EC001A4291 /* Debug */,
				4457D1021D8657EC001A4291 /* Release */,
			);
			defaultConfigurationIsVisible = 0;
			defaultConfigurationName = Release;
		};
		4457D1031D8657EC001A4291 /* Build configuration list for PBXNativeTarget "Giffy" */ = {
			isa = XCConfigurationList;
			buildConfigurations = (
				4457D1041D8657EC001A4291 /* Debug */,
				4457D1051D8657EC001A4291 /* Release */,
			);
			defaultConfigurationIsVisible = 0;
		};
		4457D1061D8657EC001A4291 /* Build configuration list for PBXNativeTarget "GiffyTests" */ = {
			isa = XCConfigurationList;
			buildConfigurations = (
				4457D1071D8657EC001A4291 /* Debug */,
				4457D1081D8657EC001A4291 /* Release */,
			);
			defaultConfigurationIsVisible = 0;
		};
/* End XCConfigurationList section */

/* Begin XCVersionGroup section */
		4457D0ED1D8657EC001A4291 /* Giffy.xcdatamodeld */ = {
			isa = XCVersionGroup;
			children = (
				4457D0EE1D8657EC001A4291 /* Giffy.xcdatamodel */,
			);
			currentVersion = 4457D0EE1D8657EC001A4291 /* Giffy.xcdatamodel */;
			path = Giffy.xcdatamodeld;
			sourceTree = "<group>";
			versionGroupType = wrapper.xcdatamodel;
		};
/* End XCVersionGroup section */
	};
	rootObject = 4457D0D61D8657EC001A4291 /* Project object */;
}
